// !$*UTF8*$!
{
	archiveVersion = 1;
	classes = {
	};
	objectVersion = 55;
	objects = {

/* Begin PBXBuildFile section */
		7342FC4028BF83F400F2BC59 /* AppDelegate.swift in Sources */ = {isa = PBXBuildFile; fileRef = 7342FC3F28BF83F400F2BC59 /* AppDelegate.swift */; };
		7342FC4228BF83F400F2BC59 /* SceneDelegate.swift in Sources */ = {isa = PBXBuildFile; fileRef = 7342FC4128BF83F400F2BC59 /* SceneDelegate.swift */; };
		7342FC4428BF83F400F2BC59 /* MainTabBarController.swift in Sources */ = {isa = PBXBuildFile; fileRef = 7342FC4328BF83F400F2BC59 /* MainTabBarController.swift */; };
		7342FC4928BF83F500F2BC59 /* Assets.xcassets in Resources */ = {isa = PBXBuildFile; fileRef = 7342FC4828BF83F500F2BC59 /* Assets.xcassets */; };
		7342FC4C28BF83F500F2BC59 /* LaunchScreen.storyboard in Resources */ = {isa = PBXBuildFile; fileRef = 7342FC4A28BF83F500F2BC59 /* LaunchScreen.storyboard */; };
		7342FC5628BFAB6000F2BC59 /* HomeViewController.swift in Sources */ = {isa = PBXBuildFile; fileRef = 7342FC5528BFAB6000F2BC59 /* HomeViewController.swift */; };
		7342FC5828BFAB7200F2BC59 /* UpComingViewController.swift in Sources */ = {isa = PBXBuildFile; fileRef = 7342FC5728BFAB7200F2BC59 /* UpComingViewController.swift */; };
		7342FC5A28BFAB8700F2BC59 /* SearchViewController.swift in Sources */ = {isa = PBXBuildFile; fileRef = 7342FC5928BFAB8700F2BC59 /* SearchViewController.swift */; };
		7342FC5C28BFAB9600F2BC59 /* DownloadsViewController.swift in Sources */ = {isa = PBXBuildFile; fileRef = 7342FC5B28BFAB9600F2BC59 /* DownloadsViewController.swift */; };
		735B583D28C0AD2700C56E60 /* HeroHeader.swift in Sources */ = {isa = PBXBuildFile; fileRef = 735B583C28C0AD2700C56E60 /* HeroHeader.swift */; };
		735B583F28C0AD5600C56E60 /* Color*.swift in Sources */ = {isa = PBXBuildFile; fileRef = 735B583E28C0AD5600C56E60 /* Color*.swift */; };
		7372AB5328C2617E00130A4C /* SectionHeaderView.swift in Sources */ = {isa = PBXBuildFile; fileRef = 7372AB5228C2617E00130A4C /* SectionHeaderView.swift */; };
		73942F6E28C221C500074E9D /* HomeButton.swift in Sources */ = {isa = PBXBuildFile; fileRef = 73942F6D28C221C500074E9D /* HomeButton.swift */; };
		73B31D4028C4B76F0068067B /* UpComingTableViewCell.swift in Sources */ = {isa = PBXBuildFile; fileRef = 73B31D3F28C4B76F0068067B /* UpComingTableViewCell.swift */; };
		73C1F2CE28C345F900E82064 /* APIRequest.swift in Sources */ = {isa = PBXBuildFile; fileRef = 73C1F2CD28C345F900E82064 /* APIRequest.swift */; };
		73C1F2D128C34B6A00E82064 /* NetworkLayer.swift in Sources */ = {isa = PBXBuildFile; fileRef = 73C1F2D028C34B6A00E82064 /* NetworkLayer.swift */; };
		73C1F2D328C34BA600E82064 /* TreandingShows.swift in Sources */ = {isa = PBXBuildFile; fileRef = 73C1F2D228C34BA600E82064 /* TreandingShows.swift */; };
		73C1F2D528C38B1700E82064 /* MoviesCollectionViewCell.swift in Sources */ = {isa = PBXBuildFile; fileRef = 73C1F2D428C38B1700E82064 /* MoviesCollectionViewCell.swift */; };
		73FEAA8C28C11B710059B940 /* HeroHeaderCollectionViewCell.swift in Sources */ = {isa = PBXBuildFile; fileRef = 73FEAA8B28C11B710059B940 /* HeroHeaderCollectionViewCell.swift */; };
/* End PBXBuildFile section */

/* Begin PBXFileReference section */
		7342FC3C28BF83F400F2BC59 /* Netflix Clone.app */ = {isa = PBXFileReference; explicitFileType = wrapper.application; includeInIndex = 0; path = "Netflix Clone.app"; sourceTree = BUILT_PRODUCTS_DIR; };
		7342FC3F28BF83F400F2BC59 /* AppDelegate.swift */ = {isa = PBXFileReference; lastKnownFileType = sourcecode.swift; path = AppDelegate.swift; sourceTree = "<group>"; };
		7342FC4128BF83F400F2BC59 /* SceneDelegate.swift */ = {isa = PBXFileReference; lastKnownFileType = sourcecode.swift; path = SceneDelegate.swift; sourceTree = "<group>"; };
		7342FC4328BF83F400F2BC59 /* MainTabBarController.swift */ = {isa = PBXFileReference; lastKnownFileType = sourcecode.swift; path = MainTabBarController.swift; sourceTree = "<group>"; };
		7342FC4828BF83F500F2BC59 /* Assets.xcassets */ = {isa = PBXFileReference; lastKnownFileType = folder.assetcatalog; path = Assets.xcassets; sourceTree = "<group>"; };
		7342FC4B28BF83F500F2BC59 /* Base */ = {isa = PBXFileReference; lastKnownFileType = file.storyboard; name = Base; path = Base.lproj/LaunchScreen.storyboard; sourceTree = "<group>"; };
		7342FC4D28BF83F500F2BC59 /* Info.plist */ = {isa = PBXFileReference; lastKnownFileType = text.plist.xml; path = Info.plist; sourceTree = "<group>"; };
		7342FC5528BFAB6000F2BC59 /* HomeViewController.swift */ = {isa = PBXFileReference; lastKnownFileType = sourcecode.swift; path = HomeViewController.swift; sourceTree = "<group>"; };
		7342FC5728BFAB7200F2BC59 /* UpComingViewController.swift */ = {isa = PBXFileReference; lastKnownFileType = sourcecode.swift; path = UpComingViewController.swift; sourceTree = "<group>"; };
		7342FC5928BFAB8700F2BC59 /* SearchViewController.swift */ = {isa = PBXFileReference; lastKnownFileType = sourcecode.swift; path = SearchViewController.swift; sourceTree = "<group>"; };
		7342FC5B28BFAB9600F2BC59 /* DownloadsViewController.swift */ = {isa = PBXFileReference; lastKnownFileType = sourcecode.swift; path = DownloadsViewController.swift; sourceTree = "<group>"; };
		735B583C28C0AD2700C56E60 /* HeroHeader.swift */ = {isa = PBXFileReference; lastKnownFileType = sourcecode.swift; path = HeroHeader.swift; sourceTree = "<group>"; };
		735B583E28C0AD5600C56E60 /* Color*.swift */ = {isa = PBXFileReference; lastKnownFileType = sourcecode.swift; path = "Color*.swift"; sourceTree = "<group>"; };
		7372AB5228C2617E00130A4C /* SectionHeaderView.swift */ = {isa = PBXFileReference; lastKnownFileType = sourcecode.swift; path = SectionHeaderView.swift; sourceTree = "<group>"; };
		73942F6D28C221C500074E9D /* HomeButton.swift */ = {isa = PBXFileReference; lastKnownFileType = sourcecode.swift; path = HomeButton.swift; sourceTree = "<group>"; };
		73B31D3F28C4B76F0068067B /* UpComingTableViewCell.swift */ = {isa = PBXFileReference; lastKnownFileType = sourcecode.swift; path = UpComingTableViewCell.swift; sourceTree = "<group>"; };
		73C1F2CD28C345F900E82064 /* APIRequest.swift */ = {isa = PBXFileReference; lastKnownFileType = sourcecode.swift; path = APIRequest.swift; sourceTree = "<group>"; };
		73C1F2D028C34B6A00E82064 /* NetworkLayer.swift */ = {isa = PBXFileReference; lastKnownFileType = sourcecode.swift; path = NetworkLayer.swift; sourceTree = "<group>"; };
		73C1F2D228C34BA600E82064 /* TreandingShows.swift */ = {isa = PBXFileReference; lastKnownFileType = sourcecode.swift; path = TreandingShows.swift; sourceTree = "<group>"; };
		73C1F2D428C38B1700E82064 /* MoviesCollectionViewCell.swift */ = {isa = PBXFileReference; lastKnownFileType = sourcecode.swift; path = MoviesCollectionViewCell.swift; sourceTree = "<group>"; };
		73FEAA8B28C11B710059B940 /* HeroHeaderCollectionViewCell.swift */ = {isa = PBXFileReference; lastKnownFileType = sourcecode.swift; path = HeroHeaderCollectionViewCell.swift; sourceTree = "<group>"; };
/* End PBXFileReference section */

/* Begin PBXFrameworksBuildPhase section */
		7342FC3928BF83F400F2BC59 /* Frameworks */ = {
			isa = PBXFrameworksBuildPhase;
			buildActionMask = 2147483647;
			files = (
			);
			runOnlyForDeploymentPostprocessing = 0;
		};
/* End PBXFrameworksBuildPhase section */

/* Begin PBXGroup section */
		7342FC3328BF83F400F2BC59 = {
			isa = PBXGroup;
			children = (
				7342FC3E28BF83F400F2BC59 /* Netflix Clone */,
				7342FC3D28BF83F400F2BC59 /* Products */,
			);
			sourceTree = "<group>";
		};
		7342FC3D28BF83F400F2BC59 /* Products */ = {
			isa = PBXGroup;
			children = (
				7342FC3C28BF83F400F2BC59 /* Netflix Clone.app */,
			);
			name = Products;
			sourceTree = "<group>";
		};
		7342FC3E28BF83F400F2BC59 /* Netflix Clone */ = {
			isa = PBXGroup;
			children = (
				73C1F2CB28C345C400E82064 /* Managers */,
				735B583728C0A6AF00C56E60 /* Model */,
				735B583828C0A6B600C56E60 /* View */,
				735B583628C0A6A000C56E60 /* ViewModel */,
				7342FC5328BFA94000F2BC59 /* Controller */,
				7342FC5428BFA97100F2BC59 /* Delegates */,
				7342FC4828BF83F500F2BC59 /* Assets.xcassets */,
				7342FC4A28BF83F500F2BC59 /* LaunchScreen.storyboard */,
				7342FC4D28BF83F500F2BC59 /* Info.plist */,
				735B583E28C0AD5600C56E60 /* Color*.swift */,
			);
			path = "Netflix Clone";
			sourceTree = "<group>";
		};
		7342FC5328BFA94000F2BC59 /* Controller */ = {
			isa = PBXGroup;
			children = (
				7342FC4328BF83F400F2BC59 /* MainTabBarController.swift */,
				7342FC5528BFAB6000F2BC59 /* HomeViewController.swift */,
				7342FC5728BFAB7200F2BC59 /* UpComingViewController.swift */,
				7342FC5928BFAB8700F2BC59 /* SearchViewController.swift */,
				7342FC5B28BFAB9600F2BC59 /* DownloadsViewController.swift */,
			);
			path = Controller;
			sourceTree = "<group>";
		};
		7342FC5428BFA97100F2BC59 /* Delegates */ = {
			isa = PBXGroup;
			children = (
				7342FC3F28BF83F400F2BC59 /* AppDelegate.swift */,
				7342FC4128BF83F400F2BC59 /* SceneDelegate.swift */,
			);
			path = Delegates;
			sourceTree = "<group>";
		};
		735B583628C0A6A000C56E60 /* ViewModel */ = {
			isa = PBXGroup;
			children = (
			);
			path = ViewModel;
			sourceTree = "<group>";
		};
		735B583728C0A6AF00C56E60 /* Model */ = {
			isa = PBXGroup;
			children = (
				735B583C28C0AD2700C56E60 /* HeroHeader.swift */,
				73C1F2D228C34BA600E82064 /* TreandingShows.swift */,
			);
			path = Model;
			sourceTree = "<group>";
		};
		735B583828C0A6B600C56E60 /* View */ = {
			isa = PBXGroup;
			children = (
				73942F6C28C220C300074E9D /* UIButton */,
				73942F6F28C2295800074E9D /* Home */,
				73B31D3E28C4B6780068067B /* UpComing */,
			);
			path = View;
			sourceTree = "<group>";
		};
		73942F6C28C220C300074E9D /* UIButton */ = {
			isa = PBXGroup;
			children = (
				73942F6D28C221C500074E9D /* HomeButton.swift */,
			);
			path = UIButton;
			sourceTree = "<group>";
		};
		73942F6F28C2295800074E9D /* Home */ = {
			isa = PBXGroup;
			children = (
				73FEAA8B28C11B710059B940 /* HeroHeaderCollectionViewCell.swift */,
				7372AB5228C2617E00130A4C /* SectionHeaderView.swift */,
				73C1F2D428C38B1700E82064 /* MoviesCollectionViewCell.swift */,
			);
			path = Home;
			sourceTree = "<group>";
		};
		73B31D3E28C4B6780068067B /* UpComing */ = {
			isa = PBXGroup;
			children = (
				73B31D3F28C4B76F0068067B /* UpComingTableViewCell.swift */,
			);
			path = UpComing;
			sourceTree = "<group>";
		};
		73C1F2CB28C345C400E82064 /* Managers */ = {
			isa = PBXGroup;
			children = (
				73C1F2CD28C345F900E82064 /* APIRequest.swift */,
				73C1F2D028C34B6A00E82064 /* NetworkLayer.swift */,
			);
			path = Managers;
			sourceTree = "<group>";
		};
/* End PBXGroup section */

/* Begin PBXNativeTarget section */
		7342FC3B28BF83F400F2BC59 /* Netflix Clone */ = {
			isa = PBXNativeTarget;
			buildConfigurationList = 7342FC5028BF83F500F2BC59 /* Build configuration list for PBXNativeTarget "Netflix Clone" */;
			buildPhases = (
				7342FC3828BF83F400F2BC59 /* Sources */,
				7342FC3928BF83F400F2BC59 /* Frameworks */,
				7342FC3A28BF83F400F2BC59 /* Resources */,
			);
			buildRules = (
			);
			dependencies = (
			);
			name = "Netflix Clone";
			productName = "Netflix Clone";
			productReference = 7342FC3C28BF83F400F2BC59 /* Netflix Clone.app */;
			productType = "com.apple.product-type.application";
		};
/* End PBXNativeTarget section */

/* Begin PBXProject section */
		7342FC3428BF83F400F2BC59 /* Project object */ = {
			isa = PBXProject;
			attributes = {
				BuildIndependentTargetsInParallel = 1;
				LastSwiftUpdateCheck = 1340;
				LastUpgradeCheck = 1340;
				TargetAttributes = {
					7342FC3B28BF83F400F2BC59 = {
						CreatedOnToolsVersion = 13.4.1;
					};
				};
			};
			buildConfigurationList = 7342FC3728BF83F400F2BC59 /* Build configuration list for PBXProject "Netflix Clone" */;
			compatibilityVersion = "Xcode 13.0";
			developmentRegion = en;
			hasScannedForEncodings = 0;
			knownRegions = (
				en,
				Base,
			);
			mainGroup = 7342FC3328BF83F400F2BC59;
			productRefGroup = 7342FC3D28BF83F400F2BC59 /* Products */;
			projectDirPath = "";
			projectRoot = "";
			targets = (
				7342FC3B28BF83F400F2BC59 /* Netflix Clone */,
			);
		};
/* End PBXProject section */

/* Begin PBXResourcesBuildPhase section */
		7342FC3A28BF83F400F2BC59 /* Resources */ = {
			isa = PBXResourcesBuildPhase;
			buildActionMask = 2147483647;
			files = (
				7342FC4C28BF83F500F2BC59 /* LaunchScreen.storyboard in Resources */,
				7342FC4928BF83F500F2BC59 /* Assets.xcassets in Resources */,
			);
			runOnlyForDeploymentPostprocessing = 0;
		};
/* End PBXResourcesBuildPhase section */

/* Begin PBXSourcesBuildPhase section */
		7342FC3828BF83F400F2BC59 /* Sources */ = {
			isa = PBXSourcesBuildPhase;
			buildActionMask = 2147483647;
			files = (
				735B583D28C0AD2700C56E60 /* HeroHeader.swift in Sources */,
				735B583F28C0AD5600C56E60 /* Color*.swift in Sources */,
				73B31D4028C4B76F0068067B /* UpComingTableViewCell.swift in Sources */,
				73C1F2CE28C345F900E82064 /* APIRequest.swift in Sources */,
				73C1F2D528C38B1700E82064 /* MoviesCollectionViewCell.swift in Sources */,
				73C1F2D328C34BA600E82064 /* TreandingShows.swift in Sources */,
				7342FC5A28BFAB8700F2BC59 /* SearchViewController.swift in Sources */,
				73FEAA8C28C11B710059B940 /* HeroHeaderCollectionViewCell.swift in Sources */,
				7342FC4428BF83F400F2BC59 /* MainTabBarController.swift in Sources */,
				7342FC5C28BFAB9600F2BC59 /* DownloadsViewController.swift in Sources */,
				7342FC4028BF83F400F2BC59 /* AppDelegate.swift in Sources */,
				7372AB5328C2617E00130A4C /* SectionHeaderView.swift in Sources */,
				73C1F2D128C34B6A00E82064 /* NetworkLayer.swift in Sources */,
				7342FC5828BFAB7200F2BC59 /* UpComingViewController.swift in Sources */,
				73942F6E28C221C500074E9D /* HomeButton.swift in Sources */,
				7342FC4228BF83F400F2BC59 /* SceneDelegate.swift in Sources */,
				7342FC5628BFAB6000F2BC59 /* HomeViewController.swift in Sources */,
			);
			runOnlyForDeploymentPostprocessing = 0;
		};
/* End PBXSourcesBuildPhase section */

/* Begin PBXVariantGroup section */
		7342FC4A28BF83F500F2BC59 /* LaunchScreen.storyboard */ = {
			isa = PBXVariantGroup;
			children = (
				7342FC4B28BF83F500F2BC59 /* Base */,
			);
			name = LaunchScreen.storyboard;
			sourceTree = "<group>";
		};
/* End PBXVariantGroup section */

/* Begin XCBuildConfiguration section */
		7342FC4E28BF83F500F2BC59 /* Debug */ = {
			isa = XCBuildConfiguration;
			buildSettings = {
				ALWAYS_SEARCH_USER_PATHS = NO;
				CLANG_ANALYZER_NONNULL = YES;
				CLANG_ANALYZER_NUMBER_OBJECT_CONVERSION = YES_AGGRESSIVE;
				CLANG_CXX_LANGUAGE_STANDARD = "gnu++17";
				CLANG_ENABLE_MODULES = YES;
				CLANG_ENABLE_OBJC_ARC = YES;
				CLANG_ENABLE_OBJC_WEAK = YES;
				CLANG_WARN_BLOCK_CAPTURE_AUTORELEASING = YES;
				CLANG_WARN_BOOL_CONVERSION = YES;
				CLANG_WARN_COMMA = YES;
				CLANG_WARN_CONSTANT_CONVERSION = YES;
				CLANG_WARN_DEPRECATED_OBJC_IMPLEMENTATIONS = YES;
				CLANG_WARN_DIRECT_OBJC_ISA_USAGE = YES_ERROR;
				CLANG_WARN_DOCUMENTATION_COMMENTS = YES;
				CLANG_WARN_EMPTY_BODY = YES;
				CLANG_WARN_ENUM_CONVERSION = YES;
				CLANG_WARN_INFINITE_RECURSION = YES;
				CLANG_WARN_INT_CONVERSION = YES;
				CLANG_WARN_NON_LITERAL_NULL_CONVERSION = YES;
				CLANG_WARN_OBJC_IMPLICIT_RETAIN_SELF = YES;
				CLANG_WARN_OBJC_LITERAL_CONVERSION = YES;
				CLANG_WARN_OBJC_ROOT_CLASS = YES_ERROR;
				CLANG_WARN_QUOTED_INCLUDE_IN_FRAMEWORK_HEADER = YES;
				CLANG_WARN_RANGE_LOOP_ANALYSIS = YES;
				CLANG_WARN_STRICT_PROTOTYPES = YES;
				CLANG_WARN_SUSPICIOUS_MOVE = YES;
				CLANG_WARN_UNGUARDED_AVAILABILITY = YES_AGGRESSIVE;
				CLANG_WARN_UNREACHABLE_CODE = YES;
				CLANG_WARN__DUPLICATE_METHOD_MATCH = YES;
				COPY_PHASE_STRIP = NO;
				DEBUG_INFORMATION_FORMAT = dwarf;
				ENABLE_STRICT_OBJC_MSGSEND = YES;
				ENABLE_TESTABILITY = YES;
				GCC_C_LANGUAGE_STANDARD = gnu11;
				GCC_DYNAMIC_NO_PIC = NO;
				GCC_NO_COMMON_BLOCKS = YES;
				GCC_OPTIMIZATION_LEVEL = 0;
				GCC_PREPROCESSOR_DEFINITIONS = (
					"DEBUG=1",
					"$(inherited)",
				);
				GCC_WARN_64_TO_32_BIT_CONVERSION = YES;
				GCC_WARN_ABOUT_RETURN_TYPE = YES_ERROR;
				GCC_WARN_UNDECLARED_SELECTOR = YES;
				GCC_WARN_UNINITIALIZED_AUTOS = YES_AGGRESSIVE;
				GCC_WARN_UNUSED_FUNCTION = YES;
				GCC_WARN_UNUSED_VARIABLE = YES;
				IPHONEOS_DEPLOYMENT_TARGET = 15.5;
				MTL_ENABLE_DEBUG_INFO = INCLUDE_SOURCE;
				MTL_FAST_MATH = YES;
				ONLY_ACTIVE_ARCH = YES;
				SDKROOT = iphoneos;
				SWIFT_ACTIVE_COMPILATION_CONDITIONS = DEBUG;
				SWIFT_OPTIMIZATION_LEVEL = "-Onone";
			};
			name = Debug;
		};
		7342FC4F28BF83F500F2BC59 /* Release */ = {
			isa = XCBuildConfiguration;
			buildSettings = {
				ALWAYS_SEARCH_USER_PATHS = NO;
				CLANG_ANALYZER_NONNULL = YES;
				CLANG_ANALYZER_NUMBER_OBJECT_CONVERSION = YES_AGGRESSIVE;
				CLANG_CXX_LANGUAGE_STANDARD = "gnu++17";
				CLANG_ENABLE_MODULES = YES;
				CLANG_ENABLE_OBJC_ARC = YES;
				CLANG_ENABLE_OBJC_WEAK = YES;
				CLANG_WARN_BLOCK_CAPTURE_AUTORELEASING = YES;
				CLANG_WARN_BOOL_CONVERSION = YES;
				CLANG_WARN_COMMA = YES;
				CLANG_WARN_CONSTANT_CONVERSION = YES;
				CLANG_WARN_DEPRECATED_OBJC_IMPLEMENTATIONS = YES;
				CLANG_WARN_DIRECT_OBJC_ISA_USAGE = YES_ERROR;
				CLANG_WARN_DOCUMENTATION_COMMENTS = YES;
				CLANG_WARN_EMPTY_BODY = YES;
				CLANG_WARN_ENUM_CONVERSION = YES;
				CLANG_WARN_INFINITE_RECURSION = YES;
				CLANG_WARN_INT_CONVERSION = YES;
				CLANG_WARN_NON_LITERAL_NULL_CONVERSION = YES;
				CLANG_WARN_OBJC_IMPLICIT_RETAIN_SELF = YES;
				CLANG_WARN_OBJC_LITERAL_CONVERSION = YES;
				CLANG_WARN_OBJC_ROOT_CLASS = YES_ERROR;
				CLANG_WARN_QUOTED_INCLUDE_IN_FRAMEWORK_HEADER = YES;
				CLANG_WARN_RANGE_LOOP_ANALYSIS = YES;
				CLANG_WARN_STRICT_PROTOTYPES = YES;
				CLANG_WARN_SUSPICIOUS_MOVE = YES;
				CLANG_WARN_UNGUARDED_AVAILABILITY = YES_AGGRESSIVE;
				CLANG_WARN_UNREACHABLE_CODE = YES;
				CLANG_WARN__DUPLICATE_METHOD_MATCH = YES;
				COPY_PHASE_STRIP = NO;
				DEBUG_INFORMATION_FORMAT = "dwarf-with-dsym";
				ENABLE_NS_ASSERTIONS = NO;
				ENABLE_STRICT_OBJC_MSGSEND = YES;
				GCC_C_LANGUAGE_STANDARD = gnu11;
				GCC_NO_COMMON_BLOCKS = YES;
				GCC_WARN_64_TO_32_BIT_CONVERSION = YES;
				GCC_WARN_ABOUT_RETURN_TYPE = YES_ERROR;
				GCC_WARN_UNDECLARED_SELECTOR = YES;
				GCC_WARN_UNINITIALIZED_AUTOS = YES_AGGRESSIVE;
				GCC_WARN_UNUSED_FUNCTION = YES;
				GCC_WARN_UNUSED_VARIABLE = YES;
				IPHONEOS_DEPLOYMENT_TARGET = 15.5;
				MTL_ENABLE_DEBUG_INFO = NO;
				MTL_FAST_MATH = YES;
				SDKROOT = iphoneos;
				SWIFT_COMPILATION_MODE = wholemodule;
				SWIFT_OPTIMIZATION_LEVEL = "-O";
				VALIDATE_PRODUCT = YES;
			};
			name = Release;
		};
		7342FC5128BF83F500F2BC59 /* Debug */ = {
			isa = XCBuildConfiguration;
			buildSettings = {
				ASSETCATALOG_COMPILER_APPICON_NAME = AppIcon;
				ASSETCATALOG_COMPILER_GLOBAL_ACCENT_COLOR_NAME = AccentColor;
				CODE_SIGN_STYLE = Automatic;
				CURRENT_PROJECT_VERSION = 1;
				DEVELOPMENT_TEAM = 4U8DMJ33ZN;
				GENERATE_INFOPLIST_FILE = YES;
				INFOPLIST_FILE = "Netflix Clone/Info.plist";
				INFOPLIST_KEY_UIApplicationSupportsIndirectInputEvents = YES;
				INFOPLIST_KEY_UILaunchStoryboardName = LaunchScreen;
				INFOPLIST_KEY_UISupportedInterfaceOrientations_iPad = "UIInterfaceOrientationPortrait UIInterfaceOrientationPortraitUpsideDown UIInterfaceOrientationLandscapeLeft UIInterfaceOrientationLandscapeRight";
				INFOPLIST_KEY_UISupportedInterfaceOrientations_iPhone = "UIInterfaceOrientationPortrait UIInterfaceOrientationLandscapeLeft UIInterfaceOrientationLandscapeRight";
				LD_RUNPATH_SEARCH_PATHS = (
					"$(inherited)",
					"@executable_path/Frameworks",
				);
				MARKETING_VERSION = 1.0;
				PRODUCT_BUNDLE_IDENTIFIER = "com.yamany.Netflix-Clone";
				PRODUCT_NAME = "$(TARGET_NAME)";
				SWIFT_EMIT_LOC_STRINGS = YES;
				SWIFT_VERSION = 5.0;
				TARGETED_DEVICE_FAMILY = "1,2";
			};
			name = Debug;
		};
		7342FC5228BF83F500F2BC59 /* Release */ = {
			isa = XCBuildConfiguration;
			buildSettings = {
				ASSETCATALOG_COMPILER_APPICON_NAME = AppIcon;
				ASSETCATALOG_COMPILER_GLOBAL_ACCENT_COLOR_NAME = AccentColor;
				CODE_SIGN_STYLE = Automatic;
				CURRENT_PROJECT_VERSION = 1;
				DEVELOPMENT_TEAM = 4U8DMJ33ZN;
				GENERATE_INFOPLIST_FILE = YES;
				INFOPLIST_FILE = "Netflix Clone/Info.plist";
				INFOPLIST_KEY_UIApplicationSupportsIndirectInputEvents = YES;
				INFOPLIST_KEY_UILaunchStoryboardName = LaunchScreen;
				INFOPLIST_KEY_UISupportedInterfaceOrientations_iPad = "UIInterfaceOrientationPortrait UIInterfaceOrientationPortraitUpsideDown UIInterfaceOrientationLandscapeLeft UIInterfaceOrientationLandscapeRight";
				INFOPLIST_KEY_UISupportedInterfaceOrientations_iPhone = "UIInterfaceOrientationPortrait UIInterfaceOrientationLandscapeLeft UIInterfaceOrientationLandscapeRight";
				LD_RUNPATH_SEARCH_PATHS = (
					"$(inherited)",
					"@executable_path/Frameworks",
				);
				MARKETING_VERSION = 1.0;
				PRODUCT_BUNDLE_IDENTIFIER = "com.yamany.Netflix-Clone";
				PRODUCT_NAME = "$(TARGET_NAME)";
				SWIFT_EMIT_LOC_STRINGS = YES;
				SWIFT_VERSION = 5.0;
				TARGETED_DEVICE_FAMILY = "1,2";
			};
			name = Release;
		};
/* End XCBuildConfiguration section */

/* Begin XCConfigurationList section */
		7342FC3728BF83F400F2BC59 /* Build configuration list for PBXProject "Netflix Clone" */ = {
			isa = XCConfigurationList;
			buildConfigurations = (
				7342FC4E28BF83F500F2BC59 /* Debug */,
				7342FC4F28BF83F500F2BC59 /* Release */,
			);
			defaultConfigurationIsVisible = 0;
			defaultConfigurationName = Release;
		};
		7342FC5028BF83F500F2BC59 /* Build configuration list for PBXNativeTarget "Netflix Clone" */ = {
			isa = XCConfigurationList;
			buildConfigurations = (
				7342FC5128BF83F500F2BC59 /* Debug */,
				7342FC5228BF83F500F2BC59 /* Release */,
			);
			defaultConfigurationIsVisible = 0;
			defaultConfigurationName = Release;
		};
/* End XCConfigurationList section */
	};
	rootObject = 7342FC3428BF83F400F2BC59 /* Project object */;
}
